
Microsoft Visual Studio Solution File, Format Version 12.00
# Visual Studio Version 16
VisualStudioVersion = 16.0.29306.81
MinimumVisualStudioVersion = 10.0.40219.1
Project("{FAE04EC0-301F-11D3-BF4B-00C04F79EFBC}") = "Risk_App", "Risk_App\Risk_App.csproj", "{8772DEF7-B9B4-46C0-AEDC-9E7EACF74B5B}"
EndProject
Project("{FAE04EC0-301F-11D3-BF4B-00C04F79EFBC}") = "Data", "Data\Data.csproj", "{B7919FC0-AEBF-422F-B727-5848C65408BC}"
EndProject
Project("{FAE04EC0-301F-11D3-BF4B-00C04F79EFBC}") = "ViewModel", "ViewModel\ViewModel.csproj", "{AE8F162F-EA50-402D-9065-E11D6D19CB1F}"
EndProject
Global
	GlobalSection(SolutionConfigurationPlatforms) = preSolution
		Debug|Any CPU = Debug|Any CPU
		Release|Any CPU = Release|Any CPU
	EndGlobalSection
	GlobalSection(ProjectConfigurationPlatforms) = postSolution
		{8772DEF7-B9B4-46C0-AEDC-9E7EACF74B5B}.Debug|Any CPU.ActiveCfg = Debug|Any CPU
		{8772DEF7-B9B4-46C0-AEDC-9E7EACF74B5B}.Debug|Any CPU.Build.0 = Debug|Any CPU
		{8772DEF7-B9B4-46C0-AEDC-9E7EACF74B5B}.Release|Any CPU.ActiveCfg = Release|Any CPU
		{8772DEF7-B9B4-46C0-AEDC-9E7EACF74B5B}.Release|Any CPU.Build.0 = Release|Any CPU
		{B7919FC0-AEBF-422F-B727-5848C65408BC}.Debug|Any CPU.ActiveCfg = Debug|Any CPU
		{B7919FC0-AEBF-422F-B727-5848C65408BC}.Debug|Any CPU.Build.0 = Debug|Any CPU
		{B7919FC0-AEBF-422F-B727-5848C65408BC}.Release|Any CPU.ActiveCfg = Release|Any CPU
		{B7919FC0-AEBF-422F-B727-5848C65408BC}.Release|Any CPU.Build.0 = Release|Any CPU
		{AE8F162F-EA50-402D-9065-E11D6D19CB1F}.Debug|Any CPU.ActiveCfg = Debug|Any CPU
		{AE8F162F-EA50-402D-9065-E11D6D19CB1F}.Debug|Any CPU.Build.0 = Debug|Any CPU
		{AE8F162F-EA50-402D-9065-E11D6D19CB1F}.Release|Any CPU.ActiveCfg = Release|Any CPU
		{AE8F162F-EA50-402D-9065-E11D6D19CB1F}.Release|Any CPU.Build.0 = Release|Any CPU
	EndGlobalSection
	GlobalSection(SolutionProperties) = preSolution
		HideSolutionNode = FALSE
	EndGlobalSection
	GlobalSection(ExtensibilityGlobals) = postSolution
		SolutionGuid = {A8268E46-C620-4D5D-BAA4-487BA2F5E86A}
	EndGlobalSection
EndGlobal
